
Microsoft Visual Studio Solution File, Format Version 12.00
# Visual Studio Version 17
VisualStudioVersion = 17.4.33213.308
MinimumVisualStudioVersion = 10.0.40219.1
Project("{9A19103F-16F7-4668-BE54-9A1E7A4F7556}") = "SmartMarket.Console", "SmartMarket.Console\SmartMarket.Console.csproj", "{8602AC41-24D8-4F77-9D00-6942C1AD4401}"
EndProject
Project("{9A19103F-16F7-4668-BE54-9A1E7A4F7556}") = "SmartMarket.Tests", "SmartMarket.Tests\SmartMarket.Tests.csproj", "{538ED369-AEE2-439D-A402-C4EE82A482DE}"
EndProject
Project("{FAE04EC0-301F-11D3-BF4B-00C04F79EFBC}") = "SmartMarket.App", "SmartMarket.Api\SmartMarket.App.csproj", "{5EACD770-91C3-45FF-A705-63A82475610E}"
EndProject
Project("{FAE04EC0-301F-11D3-BF4B-00C04F79EFBC}") = "SmartMarket.Core", "SmartMarket.Core\SmartMarket.Core.csproj", "{B81BECFA-280C-4ED9-B9C7-7C763CED101A}"
EndProject
Project("{FAE04EC0-301F-11D3-BF4B-00C04F79EFBC}") = "SmartMarket.Infrastructure", "SmartMarket.Infrastructure\SmartMarket.Infrastructure.csproj", "{7126CADF-B4DA-40B3-B32B-8DA6DEBAD036}"
EndProject
Global
	GlobalSection(SolutionConfigurationPlatforms) = preSolution
		Debug|Any CPU = Debug|Any CPU
		Release|Any CPU = Release|Any CPU
	EndGlobalSection
	GlobalSection(ProjectConfigurationPlatforms) = postSolution
		{8602AC41-24D8-4F77-9D00-6942C1AD4401}.Debug|Any CPU.ActiveCfg = Debug|Any CPU
		{8602AC41-24D8-4F77-9D00-6942C1AD4401}.Debug|Any CPU.Build.0 = Debug|Any CPU
		{8602AC41-24D8-4F77-9D00-6942C1AD4401}.Release|Any CPU.ActiveCfg = Release|Any CPU
		{8602AC41-24D8-4F77-9D00-6942C1AD4401}.Release|Any CPU.Build.0 = Release|Any CPU
		{538ED369-AEE2-439D-A402-C4EE82A482DE}.Debug|Any CPU.ActiveCfg = Debug|Any CPU
		{538ED369-AEE2-439D-A402-C4EE82A482DE}.Debug|Any CPU.Build.0 = Debug|Any CPU
		{538ED369-AEE2-439D-A402-C4EE82A482DE}.Release|Any CPU.ActiveCfg = Release|Any CPU
		{538ED369-AEE2-439D-A402-C4EE82A482DE}.Release|Any CPU.Build.0 = Release|Any CPU
		{5EACD770-91C3-45FF-A705-63A82475610E}.Debug|Any CPU.ActiveCfg = Debug|Any CPU
		{5EACD770-91C3-45FF-A705-63A82475610E}.Debug|Any CPU.Build.0 = Debug|Any CPU
		{5EACD770-91C3-45FF-A705-63A82475610E}.Release|Any CPU.ActiveCfg = Release|Any CPU
		{5EACD770-91C3-45FF-A705-63A82475610E}.Release|Any CPU.Build.0 = Release|Any CPU
		{B81BECFA-280C-4ED9-B9C7-7C763CED101A}.Debug|Any CPU.ActiveCfg = Debug|Any CPU
		{B81BECFA-280C-4ED9-B9C7-7C763CED101A}.Debug|Any CPU.Build.0 = Debug|Any CPU
		{B81BECFA-280C-4ED9-B9C7-7C763CED101A}.Release|Any CPU.ActiveCfg = Release|Any CPU
		{B81BECFA-280C-4ED9-B9C7-7C763CED101A}.Release|Any CPU.Build.0 = Release|Any CPU
		{7126CADF-B4DA-40B3-B32B-8DA6DEBAD036}.Debug|Any CPU.ActiveCfg = Debug|Any CPU
		{7126CADF-B4DA-40B3-B32B-8DA6DEBAD036}.Debug|Any CPU.Build.0 = Debug|Any CPU
		{7126CADF-B4DA-40B3-B32B-8DA6DEBAD036}.Release|Any CPU.ActiveCfg = Release|Any CPU
		{7126CADF-B4DA-40B3-B32B-8DA6DEBAD036}.Release|Any CPU.Build.0 = Release|Any CPU
	EndGlobalSection
	GlobalSection(SolutionProperties) = preSolution
		HideSolutionNode = FALSE
	EndGlobalSection
	GlobalSection(ExtensibilityGlobals) = postSolution
		SolutionGuid = {5AFC8307-009A-4263-8EA5-DEAB8A362CCB}
	EndGlobalSection
EndGlobal
